{
  "name": "@8thwall/browser-studio-preview",
  "version": "0.1.0",
  "lockfileVersion": 3,
  "requires": true,
  "packages": {
    "": {
      "name": "@8thwall/browser-studio-preview",
      "version": "0.1.0",
      "dependencies": {
        "@8thwall/ecs": "3.2.1"
      },
      "engines": {
        "node": ">=22"
      }
    },
    "node_modules/@8thwall/ecs": {
      "version": "3.2.1",
      "resolved": "https://registry.npmjs.org/@8thwall/ecs/-/ecs-3.2.1.tgz",
      "integrity": "sha512-xn9elXTyY88maEwv1L4Jx50q3tpGkD9AF9ks69OTTgDxWWfx5EoPSCS7/hrf/F7DpOTUQ+4XOml0Om/MamXaDg==",
      "license": "MIT"
    }
  }
}
